
Microsoft Visual Studio Solution File, Format Version 12.00
# Visual Studio Version 16
VisualStudioVersion = 16.0.32630.194
MinimumVisualStudioVersion = 10.0.40219.1
Project("{9A19103F-16F7-4668-BE54-9A1E7A4F7556}") = "Desafio1001", "Desafio1001.csproj", "{2FF8A134-A609-41A8-BFD1-C5B9E8429821}"
EndProject
Global
	GlobalSection(SolutionConfigurationPlatforms) = preSolution
		Debug|Any CPU = Debug|Any CPU
		Release|Any CPU = Release|Any CPU
	EndGlobalSection
	GlobalSection(ProjectConfigurationPlatforms) = postSolution
		{2FF8A134-A609-41A8-BFD1-C5B9E8429821}.Debug|Any CPU.ActiveCfg = Debug|Any CPU
		{2FF8A134-A609-41A8-BFD1-C5B9E8429821}.Debug|Any CPU.Build.0 = Debug|Any CPU
		{2FF8A134-A609-41A8-BFD1-C5B9E8429821}.Release|Any CPU.ActiveCfg = Release|Any CPU
		{2FF8A134-A609-41A8-BFD1-C5B9E8429821}.Release|Any CPU.Build.0 = Release|Any CPU
	EndGlobalSection
	GlobalSection(SolutionProperties) = preSolution
		HideSolutionNode = FALSE
	EndGlobalSection
	GlobalSection(ExtensibilityGlobals) = postSolution
		SolutionGuid = {4BD524DF-22DF-48CF-A964-B308106327FD}
	EndGlobalSection
EndGlobal
