
Microsoft Visual Studio Solution File, Format Version 12.00
# Visual Studio Version 16
VisualStudioVersion = 16.0.32630.194
MinimumVisualStudioVersion = 10.0.40219.1
Project("{FAE04EC0-301F-11D3-BF4B-00C04F79EFBC}") = "Desafio2557", "Desafio2557\Desafio2557.csproj", "{A9D15969-9613-40ED-96F9-549D8D90441C}"
EndProject
Global
	GlobalSection(SolutionConfigurationPlatforms) = preSolution
		Debug|Any CPU = Debug|Any CPU
		Release|Any CPU = Release|Any CPU
	EndGlobalSection
	GlobalSection(ProjectConfigurationPlatforms) = postSolution
		{A9D15969-9613-40ED-96F9-549D8D90441C}.Debug|Any CPU.ActiveCfg = Debug|Any CPU
		{A9D15969-9613-40ED-96F9-549D8D90441C}.Debug|Any CPU.Build.0 = Debug|Any CPU
		{A9D15969-9613-40ED-96F9-549D8D90441C}.Release|Any CPU.ActiveCfg = Release|Any CPU
		{A9D15969-9613-40ED-96F9-549D8D90441C}.Release|Any CPU.Build.0 = Release|Any CPU
	EndGlobalSection
	GlobalSection(SolutionProperties) = preSolution
		HideSolutionNode = FALSE
	EndGlobalSection
	GlobalSection(ExtensibilityGlobals) = postSolution
		SolutionGuid = {FB5D37AD-F13C-4397-8DA7-E05F7F4153A9}
	EndGlobalSection
EndGlobal
