
Microsoft Visual Studio Solution File, Format Version 12.00
# Visual Studio Version 16
VisualStudioVersion = 16.0.32630.194
MinimumVisualStudioVersion = 10.0.40219.1
Project("{FAE04EC0-301F-11D3-BF4B-00C04F79EFBC}") = "Desafio1180", "Desafio1180\Desafio1180.csproj", "{7D1F1EDB-98D4-46A8-898D-59B71ECC9004}"
EndProject
Global
	GlobalSection(SolutionConfigurationPlatforms) = preSolution
		Debug|Any CPU = Debug|Any CPU
		Release|Any CPU = Release|Any CPU
	EndGlobalSection
	GlobalSection(ProjectConfigurationPlatforms) = postSolution
		{7D1F1EDB-98D4-46A8-898D-59B71ECC9004}.Debug|Any CPU.ActiveCfg = Debug|Any CPU
		{7D1F1EDB-98D4-46A8-898D-59B71ECC9004}.Debug|Any CPU.Build.0 = Debug|Any CPU
		{7D1F1EDB-98D4-46A8-898D-59B71ECC9004}.Release|Any CPU.ActiveCfg = Release|Any CPU
		{7D1F1EDB-98D4-46A8-898D-59B71ECC9004}.Release|Any CPU.Build.0 = Release|Any CPU
	EndGlobalSection
	GlobalSection(SolutionProperties) = preSolution
		HideSolutionNode = FALSE
	EndGlobalSection
	GlobalSection(ExtensibilityGlobals) = postSolution
		SolutionGuid = {1547019D-863D-4001-BCE0-900AADDF7595}
	EndGlobalSection
EndGlobal
