
Microsoft Visual Studio Solution File, Format Version 12.00
# Visual Studio Version 16
VisualStudioVersion = 16.0.32630.194
MinimumVisualStudioVersion = 10.0.40219.1
Project("{FAE04EC0-301F-11D3-BF4B-00C04F79EFBC}") = "Desafio2764", "Desafio2764\Desafio2764.csproj", "{529D1205-55D4-4C2A-8959-EF2DE4EBA694}"
EndProject
Global
	GlobalSection(SolutionConfigurationPlatforms) = preSolution
		Debug|Any CPU = Debug|Any CPU
		Release|Any CPU = Release|Any CPU
	EndGlobalSection
	GlobalSection(ProjectConfigurationPlatforms) = postSolution
		{529D1205-55D4-4C2A-8959-EF2DE4EBA694}.Debug|Any CPU.ActiveCfg = Debug|Any CPU
		{529D1205-55D4-4C2A-8959-EF2DE4EBA694}.Debug|Any CPU.Build.0 = Debug|Any CPU
		{529D1205-55D4-4C2A-8959-EF2DE4EBA694}.Release|Any CPU.ActiveCfg = Release|Any CPU
		{529D1205-55D4-4C2A-8959-EF2DE4EBA694}.Release|Any CPU.Build.0 = Release|Any CPU
	EndGlobalSection
	GlobalSection(SolutionProperties) = preSolution
		HideSolutionNode = FALSE
	EndGlobalSection
	GlobalSection(ExtensibilityGlobals) = postSolution
		SolutionGuid = {B03FD723-AFCA-4140-B9B2-2B2AD1B0C7F0}
	EndGlobalSection
EndGlobal
