
Microsoft Visual Studio Solution File, Format Version 12.00
# Visual Studio Version 16
VisualStudioVersion = 16.0.32630.194
MinimumVisualStudioVersion = 10.0.40219.1
Project("{FAE04EC0-301F-11D3-BF4B-00C04F79EFBC}") = "Desafio2003", "Desafio2003\Desafio2003.csproj", "{003BBADC-59EA-4526-8BFF-B1A2C1BF77AA}"
EndProject
Global
	GlobalSection(SolutionConfigurationPlatforms) = preSolution
		Debug|Any CPU = Debug|Any CPU
		Release|Any CPU = Release|Any CPU
	EndGlobalSection
	GlobalSection(ProjectConfigurationPlatforms) = postSolution
		{003BBADC-59EA-4526-8BFF-B1A2C1BF77AA}.Debug|Any CPU.ActiveCfg = Debug|Any CPU
		{003BBADC-59EA-4526-8BFF-B1A2C1BF77AA}.Debug|Any CPU.Build.0 = Debug|Any CPU
		{003BBADC-59EA-4526-8BFF-B1A2C1BF77AA}.Release|Any CPU.ActiveCfg = Release|Any CPU
		{003BBADC-59EA-4526-8BFF-B1A2C1BF77AA}.Release|Any CPU.Build.0 = Release|Any CPU
	EndGlobalSection
	GlobalSection(SolutionProperties) = preSolution
		HideSolutionNode = FALSE
	EndGlobalSection
	GlobalSection(ExtensibilityGlobals) = postSolution
		SolutionGuid = {670261CA-8CA0-4A6B-BF66-A743A804BBB1}
	EndGlobalSection
EndGlobal
