
Microsoft Visual Studio Solution File, Format Version 12.00
# Visual Studio Version 16
VisualStudioVersion = 16.0.32630.194
MinimumVisualStudioVersion = 10.0.40219.1
Project("{FAE04EC0-301F-11D3-BF4B-00C04F79EFBC}") = "Desafio2582", "Desafio2582\Desafio2582.csproj", "{E18CDEFD-0051-4278-B613-272CA4AFA479}"
EndProject
Global
	GlobalSection(SolutionConfigurationPlatforms) = preSolution
		Debug|Any CPU = Debug|Any CPU
		Release|Any CPU = Release|Any CPU
	EndGlobalSection
	GlobalSection(ProjectConfigurationPlatforms) = postSolution
		{E18CDEFD-0051-4278-B613-272CA4AFA479}.Debug|Any CPU.ActiveCfg = Debug|Any CPU
		{E18CDEFD-0051-4278-B613-272CA4AFA479}.Debug|Any CPU.Build.0 = Debug|Any CPU
		{E18CDEFD-0051-4278-B613-272CA4AFA479}.Release|Any CPU.ActiveCfg = Release|Any CPU
		{E18CDEFD-0051-4278-B613-272CA4AFA479}.Release|Any CPU.Build.0 = Release|Any CPU
	EndGlobalSection
	GlobalSection(SolutionProperties) = preSolution
		HideSolutionNode = FALSE
	EndGlobalSection
	GlobalSection(ExtensibilityGlobals) = postSolution
		SolutionGuid = {22023D99-FA31-4765-89DF-339BB3DDC0F3}
	EndGlobalSection
EndGlobal
