
Microsoft Visual Studio Solution File, Format Version 12.00
# Visual Studio Version 16
VisualStudioVersion = 16.0.32630.194
MinimumVisualStudioVersion = 10.0.40219.1
Project("{FAE04EC0-301F-11D3-BF4B-00C04F79EFBC}") = "Desafio2031", "Desafio2031\Desafio2031.csproj", "{9BAA49D9-97B6-411C-8A78-33BBC8C94C4E}"
EndProject
Global
	GlobalSection(SolutionConfigurationPlatforms) = preSolution
		Debug|Any CPU = Debug|Any CPU
		Release|Any CPU = Release|Any CPU
	EndGlobalSection
	GlobalSection(ProjectConfigurationPlatforms) = postSolution
		{9BAA49D9-97B6-411C-8A78-33BBC8C94C4E}.Debug|Any CPU.ActiveCfg = Debug|Any CPU
		{9BAA49D9-97B6-411C-8A78-33BBC8C94C4E}.Debug|Any CPU.Build.0 = Debug|Any CPU
		{9BAA49D9-97B6-411C-8A78-33BBC8C94C4E}.Release|Any CPU.ActiveCfg = Release|Any CPU
		{9BAA49D9-97B6-411C-8A78-33BBC8C94C4E}.Release|Any CPU.Build.0 = Release|Any CPU
	EndGlobalSection
	GlobalSection(SolutionProperties) = preSolution
		HideSolutionNode = FALSE
	EndGlobalSection
	GlobalSection(ExtensibilityGlobals) = postSolution
		SolutionGuid = {D1377ABF-68EA-4EEA-A67D-27291C518AC8}
	EndGlobalSection
EndGlobal
