
Microsoft Visual Studio Solution File, Format Version 12.00
# Visual Studio Version 16
VisualStudioVersion = 16.0.32630.194
MinimumVisualStudioVersion = 10.0.40219.1
Project("{FAE04EC0-301F-11D3-BF4B-00C04F79EFBC}") = "Desafio1019", "Desafio1019\Desafio1019.csproj", "{3A53B37F-BFFB-4EAB-B860-E042CA2EC62B}"
EndProject
Global
	GlobalSection(SolutionConfigurationPlatforms) = preSolution
		Debug|Any CPU = Debug|Any CPU
		Release|Any CPU = Release|Any CPU
	EndGlobalSection
	GlobalSection(ProjectConfigurationPlatforms) = postSolution
		{3A53B37F-BFFB-4EAB-B860-E042CA2EC62B}.Debug|Any CPU.ActiveCfg = Debug|Any CPU
		{3A53B37F-BFFB-4EAB-B860-E042CA2EC62B}.Debug|Any CPU.Build.0 = Debug|Any CPU
		{3A53B37F-BFFB-4EAB-B860-E042CA2EC62B}.Release|Any CPU.ActiveCfg = Release|Any CPU
		{3A53B37F-BFFB-4EAB-B860-E042CA2EC62B}.Release|Any CPU.Build.0 = Release|Any CPU
	EndGlobalSection
	GlobalSection(SolutionProperties) = preSolution
		HideSolutionNode = FALSE
	EndGlobalSection
	GlobalSection(ExtensibilityGlobals) = postSolution
		SolutionGuid = {3AAE8460-4778-4D08-ABE3-2F36B69EB614}
	EndGlobalSection
EndGlobal
