
Microsoft Visual Studio Solution File, Format Version 12.00
# Visual Studio Version 16
VisualStudioVersion = 16.0.32630.194
MinimumVisualStudioVersion = 10.0.40219.1
Project("{FAE04EC0-301F-11D3-BF4B-00C04F79EFBC}") = "Exercicio1050", "Exercicio1050\Exercicio1050.csproj", "{8C8A23E2-15D8-4FC4-94A3-5B350B371494}"
EndProject
Global
	GlobalSection(SolutionConfigurationPlatforms) = preSolution
		Debug|Any CPU = Debug|Any CPU
		Release|Any CPU = Release|Any CPU
	EndGlobalSection
	GlobalSection(ProjectConfigurationPlatforms) = postSolution
		{8C8A23E2-15D8-4FC4-94A3-5B350B371494}.Debug|Any CPU.ActiveCfg = Debug|Any CPU
		{8C8A23E2-15D8-4FC4-94A3-5B350B371494}.Debug|Any CPU.Build.0 = Debug|Any CPU
		{8C8A23E2-15D8-4FC4-94A3-5B350B371494}.Release|Any CPU.ActiveCfg = Release|Any CPU
		{8C8A23E2-15D8-4FC4-94A3-5B350B371494}.Release|Any CPU.Build.0 = Release|Any CPU
	EndGlobalSection
	GlobalSection(SolutionProperties) = preSolution
		HideSolutionNode = FALSE
	EndGlobalSection
	GlobalSection(ExtensibilityGlobals) = postSolution
		SolutionGuid = {863FC40E-F123-46FA-805A-9056BE4CA805}
	EndGlobalSection
EndGlobal
